<Solution>
  <Project Path="Array, Enumerable, Collection and List/Array, Enumerable, Collection and List.csproj" Id="cb471746-5eac-4c05-bfaa-8592180be5ef" />
  <Project Path="Class, Struct and Delegate/Class, Struct and Delegate.csproj" Id="13cefe83-2d36-42b2-a24f-d03846929abe" />
  <Project Path="Class_Stuct_Delegate_Practice/Class_Stuct_Delegate_Practice.csproj" Id="a3c7b4bc-08ac-4bde-b77c-ff3c945bf0d9" />
  <Project Path="Flow Control/Flow Control.csproj" Id="d73a7b62-35d9-4a29-a0dc-71558f552711" />
  <Project Path="Function and Parameters/Function and Parameters.csproj" Id="cf452526-3eac-486e-b2bd-a5ee906f0367" />
  <Project Path="Inputs_Expression_Operators/Inputs_Expression_Operators.csproj" Id="575543ef-48ed-49dd-88c7-3c0ba70ec642" />
  <Project Path="Learn C# 1.0/Learn C# 1.0.csproj" />
  <Project Path="LINQ and LAMBDA/LINQ and LAMBDA.csproj" Id="4e711773-0c18-416f-ad62-d67e49a5d9bc" />
  <Project Path="Namespace and Comments/Namespace and Comments.csproj" Id="2777084a-aaf4-4901-9ec4-c593a4a307a3" />
  <Project Path="String, DateTime, Nullable &amp; Enumeration/String, DateTime, Nullable &amp; Enumeration.csproj" Id="3dbffdad-b5ba-41a0-a339-708bc7aa7601" />
  <Project Path="Variables&amp;DataTypes/Variables&amp;DataTypes.csproj" Id="a96eb30d-1d7e-4fa5-82e1-13c7bc236d73" />
</Solution>
